
Microsoft Visual Studio Solution File, Format Version 12.00
# Visual Studio Version 16
VisualStudioVersion = 16.0.31729.503
MinimumVisualStudioVersion = 10.0.40219.1
Project("{9A19103F-16F7-4668-BE54-9A1E7A4F7556}") = "StockControlSystem", "StockControlSystem\StockControlSystem.csproj", "{005D415D-9DDC-414A-8CFF-312EFEC307A7}"
EndProject
Project("{FAE04EC0-301F-11D3-BF4B-00C04F79EFBC}") = "ProdutoLib", "ProdutoLib\ProdutoLib.csproj", "{966A7C0B-BEB6-4EBA-85FC-43AC96E24D8D}"
EndProject
Project("{FAE04EC0-301F-11D3-BF4B-00C04F79EFBC}") = "ReposicaoLib", "ReposicaoLib\ReposicaoLib.csproj", "{3D922517-10AA-425F-935B-0F2D098EC39B}"
EndProject
Project("{FAE04EC0-301F-11D3-BF4B-00C04F79EFBC}") = "ReservaLib", "ReservaLib\ReservaLib.csproj", "{E2093583-84A9-4A96-AEEB-4459090CDFFC}"
EndProject
Project("{FAE04EC0-301F-11D3-BF4B-00C04F79EFBC}") = "EstoqueLib", "EstoqueLib\EstoqueLib.csproj", "{88CC288A-DD4B-4689-AD60-137EB343E736}"
EndProject
Project("{FAE04EC0-301F-11D3-BF4B-00C04F79EFBC}") = "ComprasLib", "ComprasLib\ComprasLib.csproj", "{C3DABF80-7145-4C95-B95E-731D45588FBD}"
EndProject
Project("{FAE04EC0-301F-11D3-BF4B-00C04F79EFBC}") = "ClienteLib", "ClienteLib\ClienteLib.csproj", "{27B499B3-A3DB-4AB1-8064-F77A4F93B6ED}"
EndProject
Global
	GlobalSection(SolutionConfigurationPlatforms) = preSolution
		Debug|Any CPU = Debug|Any CPU
		Release|Any CPU = Release|Any CPU
	EndGlobalSection
	GlobalSection(ProjectConfigurationPlatforms) = postSolution
		{005D415D-9DDC-414A-8CFF-312EFEC307A7}.Debug|Any CPU.ActiveCfg = Debug|Any CPU
		{005D415D-9DDC-414A-8CFF-312EFEC307A7}.Debug|Any CPU.Build.0 = Debug|Any CPU
		{005D415D-9DDC-414A-8CFF-312EFEC307A7}.Release|Any CPU.ActiveCfg = Release|Any CPU
		{005D415D-9DDC-414A-8CFF-312EFEC307A7}.Release|Any CPU.Build.0 = Release|Any CPU
		{966A7C0B-BEB6-4EBA-85FC-43AC96E24D8D}.Debug|Any CPU.ActiveCfg = Debug|Any CPU
		{966A7C0B-BEB6-4EBA-85FC-43AC96E24D8D}.Debug|Any CPU.Build.0 = Debug|Any CPU
		{966A7C0B-BEB6-4EBA-85FC-43AC96E24D8D}.Release|Any CPU.ActiveCfg = Release|Any CPU
		{966A7C0B-BEB6-4EBA-85FC-43AC96E24D8D}.Release|Any CPU.Build.0 = Release|Any CPU
		{3D922517-10AA-425F-935B-0F2D098EC39B}.Debug|Any CPU.ActiveCfg = Debug|Any CPU
		{3D922517-10AA-425F-935B-0F2D098EC39B}.Debug|Any CPU.Build.0 = Debug|Any CPU
		{3D922517-10AA-425F-935B-0F2D098EC39B}.Release|Any CPU.ActiveCfg = Release|Any CPU
		{3D922517-10AA-425F-935B-0F2D098EC39B}.Release|Any CPU.Build.0 = Release|Any CPU
		{E2093583-84A9-4A96-AEEB-4459090CDFFC}.Debug|Any CPU.ActiveCfg = Debug|Any CPU
		{E2093583-84A9-4A96-AEEB-4459090CDFFC}.Debug|Any CPU.Build.0 = Debug|Any CPU
		{E2093583-84A9-4A96-AEEB-4459090CDFFC}.Release|Any CPU.ActiveCfg = Release|Any CPU
		{E2093583-84A9-4A96-AEEB-4459090CDFFC}.Release|Any CPU.Build.0 = Release|Any CPU
		{88CC288A-DD4B-4689-AD60-137EB343E736}.Debug|Any CPU.ActiveCfg = Debug|Any CPU
		{88CC288A-DD4B-4689-AD60-137EB343E736}.Debug|Any CPU.Build.0 = Debug|Any CPU
		{88CC288A-DD4B-4689-AD60-137EB343E736}.Release|Any CPU.ActiveCfg = Release|Any CPU
		{88CC288A-DD4B-4689-AD60-137EB343E736}.Release|Any CPU.Build.0 = Release|Any CPU
		{C3DABF80-7145-4C95-B95E-731D45588FBD}.Debug|Any CPU.ActiveCfg = Debug|Any CPU
		{C3DABF80-7145-4C95-B95E-731D45588FBD}.Debug|Any CPU.Build.0 = Debug|Any CPU
		{C3DABF80-7145-4C95-B95E-731D45588FBD}.Release|Any CPU.ActiveCfg = Release|Any CPU
		{C3DABF80-7145-4C95-B95E-731D45588FBD}.Release|Any CPU.Build.0 = Release|Any CPU
		{27B499B3-A3DB-4AB1-8064-F77A4F93B6ED}.Debug|Any CPU.ActiveCfg = Debug|Any CPU
		{27B499B3-A3DB-4AB1-8064-F77A4F93B6ED}.Debug|Any CPU.Build.0 = Debug|Any CPU
		{27B499B3-A3DB-4AB1-8064-F77A4F93B6ED}.Release|Any CPU.ActiveCfg = Release|Any CPU
		{27B499B3-A3DB-4AB1-8064-F77A4F93B6ED}.Release|Any CPU.Build.0 = Release|Any CPU
	EndGlobalSection
	GlobalSection(SolutionProperties) = preSolution
		HideSolutionNode = FALSE
	EndGlobalSection
	GlobalSection(ExtensibilityGlobals) = postSolution
		SolutionGuid = {EE8A7664-B29F-4D27-89EF-3A036080718D}
	EndGlobalSection
EndGlobal
